
Microsoft Visual Studio Solution File, Format Version 12.00
# Visual Studio Version 17
VisualStudioVersion = 17.8.34316.72
MinimumVisualStudioVersion = 10.0.40219.1
Project("{FAE04EC0-301F-11D3-BF4B-00C04F79EFBC}") = "MyAPI", "MyAPI.csproj", "{2DE75C9C-B701-471E-B63A-36D149E7DB7F}"
EndProject
Global
	GlobalSection(SolutionConfigurationPlatforms) = preSolution
		Debug|Any CPU = Debug|Any CPU
		Release|Any CPU = Release|Any CPU
	EndGlobalSection
	GlobalSection(ProjectConfigurationPlatforms) = postSolution
		{2DE75C9C-B701-471E-B63A-36D149E7DB7F}.Debug|Any CPU.ActiveCfg = Debug|Any CPU
		{2DE75C9C-B701-471E-B63A-36D149E7DB7F}.Debug|Any CPU.Build.0 = Debug|Any CPU
		{2DE75C9C-B701-471E-B63A-36D149E7DB7F}.Release|Any CPU.ActiveCfg = Release|Any CPU
		{2DE75C9C-B701-471E-B63A-36D149E7DB7F}.Release|Any CPU.Build.0 = Release|Any CPU
	EndGlobalSection
	GlobalSection(SolutionProperties) = preSolution
		HideSolutionNode = FALSE
	EndGlobalSection
	GlobalSection(ExtensibilityGlobals) = postSolution
		SolutionGuid = {CD44929A-294A-4B61-9470-28BA4A389B7F}
	EndGlobalSection
EndGlobal
